# This file is automatically @generated by Poetry 1.8.2 and should not be changed by hand.

[[package]]
name = "arpeggio"
version = "2.0.2"
description = "Packrat parser interpreter"
optional = false
python-versions = "*"
files = [
    {file = "Arpeggio-2.0.2-py2.py3-none-any.whl", hash = "sha256:f7c8ae4f4056a89e020c24c7202ac8df3e2bc84e416746f20b0da35bb1de0250"},
    {file = "Arpeggio-2.0.2.tar.gz", hash = "sha256:c790b2b06e226d2dd468e4fbfb5b7f506cec66416031fde1441cf1de2a0ba700"},
]

[package.extras]
dev = ["mike", "mkdocs", "twine", "wheel"]
test = ["coverage", "coveralls", "flake8", "pytest"]

[[package]]
name = "astunparse"
version = "1.6.3"
description = "An AST unparser for Python"
optional = false
python-versions = "*"
files = [
    {file = "astunparse-1.6.3-py2.py3-none-any.whl", hash = "sha256:c2652417f2c8b5bb325c885ae329bdf3f86424075c4fd1a128674bc6fba4b8e8"},
    {file = "astunparse-1.6.3.tar.gz", hash = "sha256:5ad93a8456f0d084c3456d059fd9a92cce667963232cbf763eac3bc5b7940872"},
]

[package.dependencies]
six = ">=1.6.1,<2.0"
wheel = ">=0.23.0,<1.0"

[[package]]
name = "cocotb"
version = "1.8.1"
description = "cocotb is a coroutine based cosimulation library for writing VHDL and Verilog testbenches in Python."
optional = false
python-versions = ">=3.6"
files = [
    {file = "cocotb-1.8.1-cp310-cp310-macosx_10_9_x86_64.whl", hash = "sha256:06ae2b2d899095ee4fd4f9604e0fd3706102ef681659f8dc68e4faf6d990d89f"},
    {file = "cocotb-1.8.1-cp310-cp310-manylinux_2_17_x86_64.manylinux2014_x86_64.whl", hash = "sha256:f8d642e1106750a519c015c651ec94a5d9008da0a29d39b2d073206bd60ce452"},
    {file = "cocotb-1.8.1-cp310-cp310-manylinux_2_5_i686.manylinux1_i686.manylinux_2_17_i686.manylinux2014_i686.whl", hash = "sha256:de9d329e747048ae8d9c08794cc2ee48850b13c387d647227ff76ac2df184fcb"},
    {file = "cocotb-1.8.1-cp310-cp310-win32.whl", hash = "sha256:87cb47d81d6c55f64662512dda8088e5f430740a42feaa67f7b8e10bd249c02c"},
    {file = "cocotb-1.8.1-cp310-cp310-win_amd64.whl", hash = "sha256:8b0643be8b1dee02453233a40ad94919f5781bcb08893689c99b9c7ab08695f3"},
    {file = "cocotb-1.8.1-cp311-cp311-macosx_10_9_x86_64.whl", hash = "sha256:708cb6fcb2ee00fe80bd45a03f2a202980d2b563dcb064c2f3c904c84e87e2b1"},
    {file = "cocotb-1.8.1-cp311-cp311-manylinux_2_17_x86_64.manylinux2014_x86_64.whl", hash = "sha256:4a6d3d824c746410da8f294c34dcca820f1350c1639cafb4b6394844a07f7371"},
    {file = "cocotb-1.8.1-cp311-cp311-manylinux_2_5_i686.manylinux1_i686.manylinux_2_17_i686.manylinux2014_i686.whl", hash = "sha256:a3a9e442211691a3602dd8cce288e9b66f2bab220bc01d1b17e5f30db4a9622c"},
    {file = "cocotb-1.8.1-cp311-cp311-win32.whl", hash = "sha256:7d47c3aa3432575eb26f6783ef7832a6db873265fd40a89ade22599e59a784f6"},
    {file = "cocotb-1.8.1-cp311-cp311-win_amd64.whl", hash = "sha256:9ffebe392a4f0cb757ccea51d4902db9abc537e57b9151c5ecc8b4f898ec7817"},
    {file = "cocotb-1.8.1-cp312-cp312-macosx_10_9_x86_64.whl", hash = "sha256:9d70978a5c587fc26c66c3f0e8a5bc0545a70397cbfd15b342685fed38959fc1"},
    {file = "cocotb-1.8.1-cp312-cp312-manylinux_2_17_x86_64.manylinux2014_x86_64.whl", hash = "sha256:5692e56925de8d71ce8d379bd80a2e103fe0fba1e0c4c3b539b10eafe22fb6c1"},
    {file = "cocotb-1.8.1-cp312-cp312-manylinux_2_5_i686.manylinux1_i686.manylinux_2_17_i686.manylinux2014_i686.whl", hash = "sha256:4cbfb462315b12f157381c388f3ab5a074c0293e54852f8851152bf295bf6807"},
    {file = "cocotb-1.8.1-cp312-cp312-win32.whl", hash = "sha256:ac5fa8f47613c1487156d20fb09d4679566572922971ea922ec5acec38629fa9"},
    {file = "cocotb-1.8.1-cp312-cp312-win_amd64.whl", hash = "sha256:b9e7a09d0f76115f02d9c957110d5970e759c2bc8d1d5a448716ed3a67a66367"},
    {file = "cocotb-1.8.1-cp36-cp36m-macosx_10_9_x86_64.whl", hash = "sha256:34da6f570c584434e34fe98f1b03cd394c2e43302c85a5510c6aebc5bffd679a"},
    {file = "cocotb-1.8.1-cp36-cp36m-manylinux_2_5_i686.manylinux1_i686.whl", hash = "sha256:4f8f7401f107e04fb5f1c1bbb6a4434d11fff4bfe6871bea8a822b3ec91e7885"},
    {file = "cocotb-1.8.1-cp36-cp36m-manylinux_2_5_x86_64.manylinux1_x86_64.whl", hash = "sha256:2343642030caf03b707eb7ee665de3adcffab08c5884b40c363ae042e1aad3d4"},
    {file = "cocotb-1.8.1-cp36-cp36m-win32.whl", hash = "sha256:ab136393aa5776a9a6f25d94af62dd947791482d325516072288668741be934b"},
    {file = "cocotb-1.8.1-cp36-cp36m-win_amd64.whl", hash = "sha256:1d3af65372ed044f27b69039325bf018738685e59be928fb4efde0c0e86b1ba0"},
    {file = "cocotb-1.8.1-cp37-cp37m-macosx_10_9_x86_64.whl", hash = "sha256:e8d9525a92312d8271fc612c98ce027d285c3f93925f63908c4e9af72a9ba5eb"},
    {file = "cocotb-1.8.1-cp37-cp37m-manylinux_2_17_x86_64.manylinux2014_x86_64.whl", hash = "sha256:bfa07a47e6b0654ed65e06b37b93316cc3afb7d9b52fe5c07579edd10bdb6281"},
    {file = "cocotb-1.8.1-cp37-cp37m-manylinux_2_5_i686.manylinux1_i686.manylinux_2_17_i686.manylinux2014_i686.whl", hash = "sha256:298f4e3c0eafda1964112d050cf08827f5aa3c3759960bef1cdce1c57ce645d4"},
    {file = "cocotb-1.8.1-cp37-cp37m-win32.whl", hash = "sha256:174209743e2743a4c1adb885bb212bb40447464a54388cae360225cb4353499b"},
    {file = "cocotb-1.8.1-cp37-cp37m-win_amd64.whl", hash = "sha256:71a6a2e39596fe6f2094cc3d4fc35621a6c1e74ca70dc868973a71c6f77f3bdb"},
    {file = "cocotb-1.8.1-cp38-cp38-macosx_10_9_x86_64.whl", hash = "sha256:f3a6f6f0fa5914c491d22d5796f15b5d0b152f76c071fecb3665af60b471bbe7"},
    {file = "cocotb-1.8.1-cp38-cp38-manylinux_2_17_x86_64.manylinux2014_x86_64.whl", hash = "sha256:1196ba5f341c4e6752e4db71e99932499980a907ec264387d75c6f37d3e09ab6"},
    {file = "cocotb-1.8.1-cp38-cp38-manylinux_2_5_i686.manylinux1_i686.manylinux_2_17_i686.manylinux2014_i686.whl", hash = "sha256:b1ba54da9217b2231d58a380b19f5bc749f6b1d1b21460bc0951d0c1317a2f5d"},
    {file = "cocotb-1.8.1-cp38-cp38-win32.whl", hash = "sha256:032569407d22b55a1d7acb07b1be12e2010e332c49d2c04404707d10d892cc27"},
    {file = "cocotb-1.8.1-cp38-cp38-win_amd64.whl", hash = "sha256:b70d8c803c7215bd54249e53b2591b484346420168dd1cafdb2e0d27e214db11"},
    {file = "cocotb-1.8.1-cp39-cp39-macosx_10_9_x86_64.whl", hash = "sha256:cbe760f6a0869140a7fa2124c295e2a4299300f0f839017e6b43ab4490bbc522"},
    {file = "cocotb-1.8.1-cp39-cp39-manylinux_2_17_x86_64.manylinux2014_x86_64.whl", hash = "sha256:d2a05df85a5259654d2c10cc0ac8ad877b6ca986fb559a911a9207bcdbc887fd"},
    {file = "cocotb-1.8.1-cp39-cp39-manylinux_2_5_i686.manylinux1_i686.manylinux_2_17_i686.manylinux2014_i686.whl", hash = "sha256:59cb5e35533b28301e1ff1858aabe1d6bac4305536d5fc40edb188dfda42e0ae"},
    {file = "cocotb-1.8.1-cp39-cp39-win32.whl", hash = "sha256:2824f26d15713056de44507017f88189419cf7b68252cedbdbed272ee753917f"},
    {file = "cocotb-1.8.1-cp39-cp39-win_amd64.whl", hash = "sha256:797044b85d5efc56bad7ff789f1811990e67de22fbec614ac37009a9aa608ce5"},
    {file = "cocotb-1.8.1.tar.gz", hash = "sha256:1499dbe0d4d10676bc9b234861e1df171a7f02aca6b696b5fadf01fe61e3a4f6"},
]

[package.dependencies]
find-libpython = "*"

[package.extras]
bus = ["cocotb-bus"]

[[package]]
name = "cocotb-bus"
version = "0.2.1"
description = ""
optional = false
python-versions = ">=3.5"
files = [
    {file = "cocotb-bus-0.2.1.tar.gz", hash = "sha256:a197aa4b0e0ad28469c8877b41b3fb2ec0206da9f491b9276d1578ce6dd8aa8d"},
]

[package.dependencies]
cocotb = ">=1.5.0.dev,<2.0"

[[package]]
name = "cocotb-test"
version = "0.2.5"
description = ""
optional = false
python-versions = ">=3.7"
files = [
    {file = "cocotb-test-0.2.5.tar.gz", hash = "sha256:0f19d9cfc1b7f64fe25394ff5a5d5f788f2d5b4f04b0a742f1330c4b6ebf1343"},
]

[package.dependencies]
cocotb = ">=1.5"
find_libpython = "*"
pytest = "*"

[[package]]
name = "cocotbext-axi"
version = "0.1.24"
description = "AXI, AXI lite, and AXI stream modules for cocotb"
optional = false
python-versions = ">=3.6"
files = [
    {file = "cocotbext-axi-0.1.24.tar.gz", hash = "sha256:3ed62dcaf9448833176826507c5bc5c346431c4846a731e409d87c862d960593"},
    {file = "cocotbext_axi-0.1.24-py3-none-any.whl", hash = "sha256:533ba6c7503c6302bdb9ef86e43a549ad5da876eafb1adce23d39751c54cced4"},
]

[package.dependencies]
cocotb = ">=1.6.0"
cocotb-bus = "*"

[package.extras]
test = ["cocotb-test", "pytest"]

[[package]]
name = "colorama"
version = "0.4.4"
description = "Cross-platform colored terminal text."
optional = false
python-versions = ">=2.7, !=3.0.*, !=3.1.*, !=3.2.*, !=3.3.*, !=3.4.*"
files = [
    {file = "colorama-0.4.4-py2.py3-none-any.whl", hash = "sha256:9f47eda37229f68eee03b24b9748937c7dc3868f906e8ba69fbcbdd3bc5dc3e2"},
    {file = "colorama-0.4.4.tar.gz", hash = "sha256:5941b2b48a20143d2267e95b1c2a7603ce057ee39fd88e7329b0c292aa16869b"},
]

[[package]]
name = "dictator"
version = "0.1"
description = "DICTionary ConfiguraTion vAlidaTOR"
optional = false
python-versions = "*"
files = []
develop = false

[package.source]
type = "git"
url = "https://github.com/brunosmmm/dictator"
reference = "master"
resolved_reference = "b158aeec85efe1401e6bd6fc8f0cdd6f1d0303ae"

[[package]]
name = "find-libpython"
version = "0.4.0"
description = "Finds the libpython associated with your environment, wherever it may be hiding"
optional = false
python-versions = "*"
files = [
    {file = "find_libpython-0.4.0-py3-none-any.whl", hash = "sha256:034a4253bd57da3408aefc59aeac1650150f6c1f42e10fdd31615cf1df0842e3"},
    {file = "find_libpython-0.4.0.tar.gz", hash = "sha256:46f9cdcd397ddb563b2d7592ded3796a41c1df5222443bd9d981721c906c03e6"},
]

[[package]]
name = "hdltools"
version = "0.1.0"
description = ""
optional = false
python-versions = "^3.9"
files = []
develop = false

[package.dependencies]
astunparse = "^1.6.3"
colorama = "0.4.4"
dictator = {git = "https://github.com/brunosmmm/dictator", rev = "master"}
rich = "^13.7.1"
scoff = {git = "https://github.com/brunosmmm/scoff", rev = "5388cf76dd069838f03041422476b39e904d8117"}
textX = "3.1.0"

[package.source]
type = "git"
url = "https://github.com/brunosmmm/hdltools"
reference = "f3cbe083b3f862fe9b5adb756242bc4cedc7ba72"
resolved_reference = "f3cbe083b3f862fe9b5adb756242bc4cedc7ba72"

[[package]]
name = "iniconfig"
version = "2.0.0"
description = "brain-dead simple config-ini parsing"
optional = false
python-versions = ">=3.7"
files = [
    {file = "iniconfig-2.0.0-py3-none-any.whl", hash = "sha256:b6a85871a79d2e3b22d2d1b94ac2824226a63c6b741c88f7ae975f18b6778374"},
    {file = "iniconfig-2.0.0.tar.gz", hash = "sha256:2d91e135bf72d31a410b17c16da610a82cb55f6b0477d1a902134b24a455b8b3"},
]

[[package]]
name = "markdown-it-py"
version = "3.0.0"
description = "Python port of markdown-it. Markdown parsing, done right!"
optional = false
python-versions = ">=3.8"
files = [
    {file = "markdown-it-py-3.0.0.tar.gz", hash = "sha256:e3f60a94fa066dc52ec76661e37c851cb232d92f9886b15cb560aaada2df8feb"},
    {file = "markdown_it_py-3.0.0-py3-none-any.whl", hash = "sha256:355216845c60bd96232cd8d8c40e8f9765cc86f46880e43a8fd22dc1a1a8cab1"},
]

[package.dependencies]
mdurl = ">=0.1,<1.0"

[package.extras]
benchmarking = ["psutil", "pytest", "pytest-benchmark"]
code-style = ["pre-commit (>=3.0,<4.0)"]
compare = ["commonmark (>=0.9,<1.0)", "markdown (>=3.4,<4.0)", "mistletoe (>=1.0,<2.0)", "mistune (>=2.0,<3.0)", "panflute (>=2.3,<3.0)"]
linkify = ["linkify-it-py (>=1,<3)"]
plugins = ["mdit-py-plugins"]
profiling = ["gprof2dot"]
rtd = ["jupyter_sphinx", "mdit-py-plugins", "myst-parser", "pyyaml", "sphinx", "sphinx-copybutton", "sphinx-design", "sphinx_book_theme"]
testing = ["coverage", "pytest", "pytest-cov", "pytest-regressions"]

[[package]]
name = "mdurl"
version = "0.1.2"
description = "Markdown URL utilities"
optional = false
python-versions = ">=3.7"
files = [
    {file = "mdurl-0.1.2-py3-none-any.whl", hash = "sha256:84008a41e51615a49fc9966191ff91509e3c40b939176e643fd50a5c2196b8f8"},
    {file = "mdurl-0.1.2.tar.gz", hash = "sha256:bb413d29f5eea38f31dd4754dd7377d4465116fb207585f97bf925588687c1ba"},
]

[[package]]
name = "packaging"
version = "24.0"
description = "Core utilities for Python packages"
optional = false
python-versions = ">=3.7"
files = [
    {file = "packaging-24.0-py3-none-any.whl", hash = "sha256:2ddfb553fdf02fb784c234c7ba6ccc288296ceabec964ad2eae3777778130bc5"},
    {file = "packaging-24.0.tar.gz", hash = "sha256:eb82c5e3e56209074766e6885bb04b8c38a0c015d0a30036ebe7ece34c9989e9"},
]

[[package]]
name = "pluggy"
version = "1.4.0"
description = "plugin and hook calling mechanisms for python"
optional = false
python-versions = ">=3.8"
files = [
    {file = "pluggy-1.4.0-py3-none-any.whl", hash = "sha256:7db9f7b503d67d1c5b95f59773ebb58a8c1c288129a88665838012cfb07b8981"},
    {file = "pluggy-1.4.0.tar.gz", hash = "sha256:8c85c2876142a764e5b7548e7d9a0e0ddb46f5185161049a79b7e974454223be"},
]

[package.extras]
dev = ["pre-commit", "tox"]
testing = ["pytest", "pytest-benchmark"]

[[package]]
name = "pygments"
version = "2.17.2"
description = "Pygments is a syntax highlighting package written in Python."
optional = false
python-versions = ">=3.7"
files = [
    {file = "pygments-2.17.2-py3-none-any.whl", hash = "sha256:b27c2826c47d0f3219f29554824c30c5e8945175d888647acd804ddd04af846c"},
    {file = "pygments-2.17.2.tar.gz", hash = "sha256:da46cec9fd2de5be3a8a784f434e4c4ab670b4ff54d605c4c2717e9d49c4c367"},
]

[package.extras]
plugins = ["importlib-metadata"]
windows-terminal = ["colorama (>=0.4.6)"]

[[package]]
name = "pytest"
version = "8.1.1"
description = "pytest: simple powerful testing with Python"
optional = false
python-versions = ">=3.8"
files = [
    {file = "pytest-8.1.1-py3-none-any.whl", hash = "sha256:2a8386cfc11fa9d2c50ee7b2a57e7d898ef90470a7a34c4b949ff59662bb78b7"},
    {file = "pytest-8.1.1.tar.gz", hash = "sha256:ac978141a75948948817d360297b7aae0fcb9d6ff6bc9ec6d514b85d5a65c044"},
]

[package.dependencies]
colorama = {version = "*", markers = "sys_platform == \"win32\""}
iniconfig = "*"
packaging = "*"
pluggy = ">=1.4,<2.0"

[package.extras]
testing = ["argcomplete", "attrs (>=19.2)", "hypothesis (>=3.56)", "mock", "pygments (>=2.7.2)", "requests", "setuptools", "xmlschema"]

[[package]]
name = "rich"
version = "13.7.1"
description = "Render rich text, tables, progress bars, syntax highlighting, markdown and more to the terminal"
optional = false
python-versions = ">=3.7.0"
files = [
    {file = "rich-13.7.1-py3-none-any.whl", hash = "sha256:4edbae314f59eb482f54e9e30bf00d33350aaa94f4bfcd4e9e3110e64d0d7222"},
    {file = "rich-13.7.1.tar.gz", hash = "sha256:9be308cb1fe2f1f57d67ce99e95af38a1e2bc71ad9813b0e247cf7ffbcc3a432"},
]

[package.dependencies]
markdown-it-py = ">=2.2.0"
pygments = ">=2.13.0,<3.0.0"

[package.extras]
jupyter = ["ipywidgets (>=7.5.1,<9)"]

[[package]]
name = "scoff"
version = "0.1.0"
description = "Simple COmpiler Framework"
optional = false
python-versions = "^3.8"
files = []
develop = false

[package.dependencies]
textx = "^3.1.0"

[package.source]
type = "git"
url = "https://github.com/brunosmmm/scoff"
reference = "5388cf76dd069838f03041422476b39e904d8117"
resolved_reference = "5388cf76dd069838f03041422476b39e904d8117"

[[package]]
name = "six"
version = "1.16.0"
description = "Python 2 and 3 compatibility utilities"
optional = false
python-versions = ">=2.7, !=3.0.*, !=3.1.*, !=3.2.*"
files = [
    {file = "six-1.16.0-py2.py3-none-any.whl", hash = "sha256:8abb2f1d86890a2dfb989f9a77cfcfd3e47c2a354b01111771326f8aa26e0254"},
    {file = "six-1.16.0.tar.gz", hash = "sha256:1e61c37477a1626458e36f7b1d82aa5c9b094fa4802892072e49de9c60c4c926"},
]

[[package]]
name = "textx"
version = "3.1.0"
description = "Meta-language for DSL implementation inspired by Xtext"
optional = false
python-versions = "*"
files = [
    {file = "textX-3.1.0-py2.py3-none-any.whl", hash = "sha256:ca16d47b3368336a02125ef38b20e0faa69eb86bba3b91a2283f01033610ed08"},
    {file = "textX-3.1.0.tar.gz", hash = "sha256:1e48af0d3ae26fcc5c34a461b575a267149b51c5772b8649dfd822b772e9c992"},
]

[package.dependencies]
Arpeggio = ">=2.0.0"

[package.extras]
cli = ["click (>=7.0,<8.0)"]
dev = ["click (>=7.0,<8.0)", "mike", "mkdocs", "textX-dev", "twine"]
test = ["click (>=7.0,<8.0)", "coverage", "coveralls", "flake8", "html5lib", "jinja2", "pytest", "tox"]

[[package]]
name = "wheel"
version = "0.43.0"
description = "A built-package format for Python"
optional = false
python-versions = ">=3.8"
files = [
    {file = "wheel-0.43.0-py3-none-any.whl", hash = "sha256:55c570405f142630c6b9f72fe09d9b67cf1477fcf543ae5b8dcb1f5b7377da81"},
    {file = "wheel-0.43.0.tar.gz", hash = "sha256:465ef92c69fa5c5da2d1cf8ac40559a8c940886afcef87dcf14b9470862f1d85"},
]

[package.extras]
test = ["pytest (>=6.0.0)", "setuptools (>=65)"]

[metadata]
lock-version = "2.0"
python-versions = "^3.11"
content-hash = "f692089997d050bfa9edd251c77e1f17f3abbd854767907caf44b7cfdd191ebd"
